<?xml version="1.0" encoding="utf-8"?>
<Project ToolsVersion="16.0" xmlns="http://schemas.microsoft.com/developer/msbuild/2003">
  <ItemGroup>
    <ClCompile Include="F:\wp\code\maya\plugin\strata\src\plugin.cpp">
      <Filter>Source Files</Filter>
    </ClCompile>
    <ClCompile Include="src\mayanode\stratapointnode.cpp">
      <Filter>Source Files</Filter>
    </ClCompile>
    <ClCompile Include="src\lib.cpp" />
    <ClCompile Include="src\libramp.cpp" />
    <ClCompile Include="src\mayanode\stratacurvenode.cpp" />
    <ClCompile Include="src\mayanode\stratasurfacenode.cpp" />
    <ClCompile Include="src\libnurbs.cpp" />
    <ClCompile Include="src\containers.cpp" />
    <ClCompile Include="src\mayanode\stratagraphnode.cpp" />
    <ClCompile Include="src\stratacore\manifold.cpp" />
    <ClCompile Include="src\stratacore\op.cpp" />
    <ClCompile Include="src\stratacore\opgraph.cpp" />
  </ItemGroup>
  <ItemGroup>
    <ClInclude Include="F:\wp\code\maya\plugin\strata\src\api.h">
      <Filter>Header Files</Filter>
    </ClInclude>
    <ClInclude Include="F:\wp\code\maya\plugin\strata\src\macro.h">
      <Filter>Header Files</Filter>
    </ClInclude>
    <ClInclude Include="src\mayanode\stratapointnode.h">
      <Filter>Header Files</Filter>
    </ClInclude>
    <ClInclude Include="src\mayanode\stratacurvenode.h" />
    <ClInclude Include="src\mayanode\stratasurfacenode.h" />
    <ClInclude Include="src\libplug.h" />
    <ClInclude Include="src\span.h" />
    <ClInclude Include="src\MInclude.h" />
    <ClInclude Include="src\containers.h" />
    <ClInclude Include="src\strataop\strataaddpointsop.h" />
    <ClInclude Include="src\mayanode\strataopmayanodebase.cpp" />
    <ClInclude Include="src\stratacore\opgraph.h" />
    <ClInclude Include="src\stratacore\op.h" />
    <ClInclude Include="src\fnmatch.h" />
    <ClInclude Include="src\stratacore\manifold.h" />
  </ItemGroup>
  <ItemGroup>
    <CustomBuild Include="F:\wp\code\maya\plugin\strata\CMakeLists.txt" />
  </ItemGroup>
  <ItemGroup>
    <Filter Include="Header Files">
      <UniqueIdentifier>{7F685529-51DB-3842-863F-CD3EC90B9CBB}</UniqueIdentifier>
    </Filter>
    <Filter Include="Source Files">
      <UniqueIdentifier>{80B647A3-8B43-3121-8F30-8A95EBA1D9AB}</UniqueIdentifier>
    </Filter>
  </ItemGroup>
</Project>