<?xml version="1.0" encoding="utf-8"?>
<Project ToolsVersion="16.0" xmlns="http://schemas.microsoft.com/developer/msbuild/2003">
  <ItemGroup>
    <ClCompile Include="F:\wp\code\maya\plugin\strata\src\plugin.cpp">
      <Filter>Source Files</Filter>
    </ClCompile>
    <ClCompile Include="src\stratapoint.h">
      <Filter>Header Files</Filter>
    </ClCompile>
    <ClCompile Include="src\stratapoint.cpp">
      <Filter>Source Files</Filter>
    </ClCompile>
  </ItemGroup>
  <ItemGroup>
    <ClInclude Include="F:\wp\code\maya\plugin\strata\src\macro.h">
      <Filter>Header Files</Filter>
    </ClInclude>
    <ClInclude Include="src\api.h">
      <Filter>Header Files</Filter>
    </ClInclude>
    <ClInclude Include="src\enum.h">
      <Filter>Header Files</Filter>
    </ClInclude>
  </ItemGroup>
  <ItemGroup>
    <CustomBuild Include="F:\wp\code\maya\plugin\strata\CMakeLists.txt" />
  </ItemGroup>
  <ItemGroup>
    <Filter Include="Header Files">
      <UniqueIdentifier>{7F685529-51DB-3842-863F-CD3EC90B9CBB}</UniqueIdentifier>
    </Filter>
    <Filter Include="Source Files">
      <UniqueIdentifier>{80B647A3-8B43-3121-8F30-8A95EBA1D9AB}</UniqueIdentifier>
    </Filter>
  </ItemGroup>
</Project>