<?xml version="1.0" encoding="utf-8"?>
<Project ToolsVersion="16.0" xmlns="http://schemas.microsoft.com/developer/msbuild/2003">
  <ItemGroup>
    <ClCompile Include="F:\wp\code\maya\plugin\strata\src\bezier\CubicSpline.cpp">
      <Filter>Source Files</Filter>
    </ClCompile>
    <ClCompile Include="F:\wp\code\maya\plugin\strata\src\bezier\bezier_curve.cpp">
      <Filter>Source Files</Filter>
    </ClCompile>
    <ClCompile Include="F:\wp\code\maya\plugin\strata\src\bezier\composite_bezier_curve.cpp">
      <Filter>Source Files</Filter>
    </ClCompile>
    <ClCompile Include="F:\wp\code\maya\plugin\strata\src\bezier\curve.cpp">
      <Filter>Source Files</Filter>
    </ClCompile>
    <ClCompile Include="F:\wp\code\maya\plugin\strata\src\bezier\fit_composite_bezier_curve.cpp">
      <Filter>Source Files</Filter>
    </ClCompile>
    <ClCompile Include="F:\wp\code\maya\plugin\strata\src\containers.cpp">
      <Filter>Source Files</Filter>
    </ClCompile>
    <ClCompile Include="F:\wp\code\maya\plugin\strata\src\dirtyGraph.cpp">
      <Filter>Source Files</Filter>
    </ClCompile>
    <ClCompile Include="F:\wp\code\maya\plugin\strata\src\exp\expLex.cpp">
      <Filter>Source Files</Filter>
    </ClCompile>
    <ClCompile Include="F:\wp\code\maya\plugin\strata\src\exp\expParse.cpp">
      <Filter>Source Files</Filter>
    </ClCompile>
    <ClCompile Include="F:\wp\code\maya\plugin\strata\src\lib.cpp">
      <Filter>Source Files</Filter>
    </ClCompile>
    <ClCompile Include="F:\wp\code\maya\plugin\strata\src\libEigen.cpp">
      <Filter>Source Files</Filter>
    </ClCompile>
    <ClCompile Include="F:\wp\code\maya\plugin\strata\src\libramp.cpp">
      <Filter>Source Files</Filter>
    </ClCompile>
    <ClCompile Include="F:\wp\code\maya\plugin\strata\src\mayaNode\matrixCurve.cpp">
      <Filter>Source Files</Filter>
    </ClCompile>
    <ClCompile Include="F:\wp\code\maya\plugin\strata\src\mayaNode\strataElementOpNode.cpp">
      <Filter>Source Files</Filter>
    </ClCompile>
    <ClCompile Include="F:\wp\code\maya\plugin\strata\src\mayaNode\strataOpNodeBase.cpp">
      <Filter>Source Files</Filter>
    </ClCompile>
    <ClCompile Include="F:\wp\code\maya\plugin\strata\src\mayaNode\strataShapeNode.cpp">
      <Filter>Source Files</Filter>
    </ClCompile>
    <ClCompile Include="F:\wp\code\maya\plugin\strata\src\mayaNode\stratacurvenode.cpp">
      <Filter>Source Files</Filter>
    </ClCompile>
    <ClCompile Include="F:\wp\code\maya\plugin\strata\src\mayaNode\stratagraphnode.cpp">
      <Filter>Source Files</Filter>
    </ClCompile>
    <ClCompile Include="F:\wp\code\maya\plugin\strata\src\mayaNode\stratapointnode.cpp">
      <Filter>Source Files</Filter>
    </ClCompile>
    <ClCompile Include="F:\wp\code\maya\plugin\strata\src\mayaNode\stratasurfacenode.cpp">
      <Filter>Source Files</Filter>
    </ClCompile>
    <ClCompile Include="F:\wp\code\maya\plugin\strata\src\mixin.cpp">
      <Filter>Source Files</Filter>
    </ClCompile>
    <ClCompile Include="F:\wp\code\maya\plugin\strata\src\plugin.cpp">
      <Filter>Source Files</Filter>
    </ClCompile>
    <ClCompile Include="F:\wp\code\maya\plugin\strata\src\stratacore\manifold.cpp">
      <Filter>Source Files</Filter>
    </ClCompile>
    <ClCompile Include="F:\wp\code\maya\plugin\strata\src\stratacore\op.cpp">
      <Filter>Source Files</Filter>
    </ClCompile>
    <ClCompile Include="F:\wp\code\maya\plugin\strata\src\stratacore\opgraph.cpp">
      <Filter>Source Files</Filter>
    </ClCompile>
    <ClCompile Include="F:\wp\code\maya\plugin\strata\src\strataop\elementOp.cpp">
      <Filter>Source Files</Filter>
    </ClCompile>
    <ClCompile Include="F:\wp\code\maya\plugin\strata\src\strataop\mergeOp.cpp">
      <Filter>Source Files</Filter>
    </ClCompile>
    <ClCompile Include="src\bezier\math\misc.cpp" />
    <ClCompile Include="src\bezier\math\tridiagonal.cpp" />
    <ClCompile Include="src\mayaNode\strataShapeGeometryOverride.cpp" />
    <ClCompile Include="src\logger.cpp" />
    <ClCompile Include="src\mayaNode\frameCurve.cpp" />
    <ClCompile Include="src\eigtest.cpp" />
    <ClCompile Include="src\api.cpp" />
    <ClCompile Include="src\strataop\expOp.cpp" />
    <ClCompile Include="src\exp\expElCompare.cpp" />
    <ClCompile Include="src\stratacore\libManifold.cpp" />
    <ClCompile Include="src\stratacore\element.cpp" />
    <ClCompile Include="src\stratacore\pointData.cpp" />
    <ClCompile Include="src\stratacore\edgeData.cpp" />
    <ClCompile Include="src\stratacore\faceData.cpp" />
    <ClCompile Include="src\AABB.cpp" />
    <ClCompile Include="src\exp\callAtom.cpp" />
    <ClCompile Include="src\exp\assignAtom.cpp" />
    <ClCompile Include="src\exp\expGraph.cpp" />
    <ClCompile Include="src\exp\expAtom.cpp" />
    <ClCompile Include="src\exp\expValue.cpp" />
    <ClCompile Include="src\exp\constantAtom.cpp" />
    <ClCompile Include="src\exp\resultAtom.cpp" />
    <ClCompile Include="src\exp\nameAtom.cpp" />
    <ClCompile Include="src\exp\groupAtom.cpp" />
    <ClCompile Include="src\exp\plusAtom.cpp" />
    <ClCompile Include="src\stratacore\face\topo.cpp" />
    <ClCompile Include="src\stratacore\vertexData.cpp" />
    <ClCompile Include="src\bezier\bezier_patch.cpp" />
    <ClCompile Include="src\stratacore\intersection.cpp" />
    <ClCompile Include="src\stratacore\face\shape.cpp" />
  </ItemGroup>
  <ItemGroup>
    <ClInclude Include="F:\wp\code\maya\plugin\strata\src\MInclude.h">
      <Filter>Header Files</Filter>
    </ClInclude>
    <ClInclude Include="F:\wp\code\maya\plugin\strata\src\api.h">
      <Filter>Header Files</Filter>
    </ClInclude>
    <ClInclude Include="F:\wp\code\maya\plugin\strata\src\bezier\CubicSpline.h">
      <Filter>Header Files</Filter>
    </ClInclude>
    <ClInclude Include="F:\wp\code\maya\plugin\strata\src\bezier\CubicSplineHelpers.h">
      <Filter>Header Files</Filter>
    </ClInclude>
    <ClInclude Include="F:\wp\code\maya\plugin\strata\src\bezier\bezier.h">
      <Filter>Header Files</Filter>
    </ClInclude>
    <ClInclude Include="F:\wp\code\maya\plugin\strata\src\bezier\bezier_curve.h">
      <Filter>Header Files</Filter>
    </ClInclude>
    <ClInclude Include="F:\wp\code\maya\plugin\strata\src\bezier\composite_bezier_curve.h">
      <Filter>Header Files</Filter>
    </ClInclude>
    <ClInclude Include="F:\wp\code\maya\plugin\strata\src\bezier\curve.h">
      <Filter>Header Files</Filter>
    </ClInclude>
    <ClInclude Include="F:\wp\code\maya\plugin\strata\src\bezier\fit_composite_bezier_curve.h">
      <Filter>Header Files</Filter>
    </ClInclude>
    <ClInclude Include="F:\wp\code\maya\plugin\strata\src\bezier\utilities.h">
      <Filter>Header Files</Filter>
    </ClInclude>
    <ClInclude Include="F:\wp\code\maya\plugin\strata\src\containers.h">
      <Filter>Header Files</Filter>
    </ClInclude>
    <ClInclude Include="F:\wp\code\maya\plugin\strata\src\dirtyGraph.h">
      <Filter>Header Files</Filter>
    </ClInclude>
    <ClInclude Include="F:\wp\code\maya\plugin\strata\src\exp\expLex.h">
      <Filter>Header Files</Filter>
    </ClInclude>
    <ClInclude Include="F:\wp\code\maya\plugin\strata\src\exp\expParse.h">
      <Filter>Header Files</Filter>
    </ClInclude>
    <ClInclude Include="F:\wp\code\maya\plugin\strata\src\factory.h">
      <Filter>Header Files</Filter>
    </ClInclude>
    <ClInclude Include="F:\wp\code\maya\plugin\strata\src\fnmatch.h">
      <Filter>Header Files</Filter>
    </ClInclude>
    <ClInclude Include="F:\wp\code\maya\plugin\strata\src\iterator.h">
      <Filter>Header Files</Filter>
    </ClInclude>
    <ClInclude Include="F:\wp\code\maya\plugin\strata\src\lib.h">
      <Filter>Header Files</Filter>
    </ClInclude>
    <ClInclude Include="F:\wp\code\maya\plugin\strata\src\libEigen.h">
      <Filter>Header Files</Filter>
    </ClInclude>
    <ClInclude Include="F:\wp\code\maya\plugin\strata\src\libnurbs.h">
      <Filter>Header Files</Filter>
    </ClInclude>
    <ClInclude Include="F:\wp\code\maya\plugin\strata\src\libplug.h">
      <Filter>Header Files</Filter>
    </ClInclude>
    <ClInclude Include="F:\wp\code\maya\plugin\strata\src\macro.h">
      <Filter>Header Files</Filter>
    </ClInclude>
    <ClInclude Include="F:\wp\code\maya\plugin\strata\src\matrixRoot.h">
      <Filter>Header Files</Filter>
    </ClInclude>
    <ClInclude Include="F:\wp\code\maya\plugin\strata\src\mayaConvert\manifoldMTypes.h">
      <Filter>Header Files</Filter>
    </ClInclude>
    <ClInclude Include="F:\wp\code\maya\plugin\strata\src\mayaNode\matrixCurve.h">
      <Filter>Header Files</Filter>
    </ClInclude>
    <ClInclude Include="F:\wp\code\maya\plugin\strata\src\mayaNode\strataElementOpNode.h">
      <Filter>Header Files</Filter>
    </ClInclude>
    <ClInclude Include="F:\wp\code\maya\plugin\strata\src\mayaNode\strataGraphNode.h">
      <Filter>Header Files</Filter>
    </ClInclude>
    <ClInclude Include="F:\wp\code\maya\plugin\strata\src\mayaNode\strataMayaLib.h">
      <Filter>Header Files</Filter>
    </ClInclude>
    <ClInclude Include="F:\wp\code\maya\plugin\strata\src\mayaNode\strataOpNodeBase.h">
      <Filter>Header Files</Filter>
    </ClInclude>
    <ClInclude Include="F:\wp\code\maya\plugin\strata\src\mayaNode\strataShapeNode.h">
      <Filter>Header Files</Filter>
    </ClInclude>
    <ClInclude Include="F:\wp\code\maya\plugin\strata\src\mayaNode\stratacurvenode.h">
      <Filter>Header Files</Filter>
    </ClInclude>
    <ClInclude Include="F:\wp\code\maya\plugin\strata\src\mayaNode\stratapointnode.h">
      <Filter>Header Files</Filter>
    </ClInclude>
    <ClInclude Include="F:\wp\code\maya\plugin\strata\src\mayaNode\stratasurfacenode.h">
      <Filter>Header Files</Filter>
    </ClInclude>
    <ClInclude Include="F:\wp\code\maya\plugin\strata\src\mixin.h">
      <Filter>Header Files</Filter>
    </ClInclude>
    <ClInclude Include="F:\wp\code\maya\plugin\strata\src\ndarray.h">
      <Filter>Header Files</Filter>
    </ClInclude>
    <ClInclude Include="F:\wp\code\maya\plugin\strata\src\span.h">
      <Filter>Header Files</Filter>
    </ClInclude>
    <ClInclude Include="F:\wp\code\maya\plugin\strata\src\status.h">
      <Filter>Header Files</Filter>
    </ClInclude>
    <ClInclude Include="F:\wp\code\maya\plugin\strata\src\stratacore\manifold.h">
      <Filter>Header Files</Filter>
    </ClInclude>
    <ClInclude Include="F:\wp\code\maya\plugin\strata\src\stratacore\op.h">
      <Filter>Header Files</Filter>
    </ClInclude>
    <ClInclude Include="F:\wp\code\maya\plugin\strata\src\stratacore\opgraph.h">
      <Filter>Header Files</Filter>
    </ClInclude>
    <ClInclude Include="F:\wp\code\maya\plugin\strata\src\strataop\elementOp.h">
      <Filter>Header Files</Filter>
    </ClInclude>
    <ClInclude Include="F:\wp\code\maya\plugin\strata\src\strataop\mergeOp.h">
      <Filter>Header Files</Filter>
    </ClInclude>
    <ClInclude Include="F:\wp\code\maya\plugin\strata\src\strataop\strataTypes.h">
      <Filter>Header Files</Filter>
    </ClInclude>
    <ClInclude Include="F:\wp\code\maya\plugin\strata\src\stringLib.h">
      <Filter>Header Files</Filter>
    </ClInclude>
    <ClInclude Include="src\bezier\math\misc.h" />
    <ClInclude Include="src\bezier\math\tridiagonal.h" />
    <ClInclude Include="src\mayaNode\strataShapeGeometryOverride.h" />
    <ClInclude Include="src\logger.h" />
    <ClInclude Include="src\mayaNode\frameCurve.h" />
    <ClInclude Include="src\strataop\expOp.h" />
    <ClInclude Include="src\exp\expElCompare.h" />
    <ClInclude Include="src\stratacore\libManifold.h" />
    <ClInclude Include="src\stratacore\element.h" />
    <ClInclude Include="src\stratacore\pointData.h" />
    <ClInclude Include="src\stratacore\edgeData.h" />
    <ClInclude Include="src\stratacore\faceData.h" />
    <ClInclude Include="src\stratacore\group.h" />
    <ClInclude Include="src\stratacore\subsample.h" />
    <ClInclude Include="src\AABB.h" />
    <ClInclude Include="src\exp\callAtom.h" />
    <ClInclude Include="src\exp\assignAtom.h" />
    <ClInclude Include="src\exp\expGraph.h" />
    <ClInclude Include="src\exp\expAtom.h" />
    <ClInclude Include="src\exp\expValue.h" />
    <ClInclude Include="src\exp\constantAtom.h" />
    <ClInclude Include="src\exp\resultAtom.h" />
    <ClInclude Include="src\exp\nameAtom.h" />
    <ClInclude Include="src\exp\groupAtom.h" />
    <ClInclude Include="src\exp\plusAtom.h" />
    <ClInclude Include="src\stratacore\face\topo.h" />
    <ClInclude Include="src\visitor.h" />
    <ClInclude Include="src\stratacore\vertexData.h" />
    <ClInclude Include="src\stratacore\intersection.h" />
    <ClInclude Include="src\bezier\bezier_patch.h" />
    <ClInclude Include="src\stratacore\face\shape.h" />
    <ClInclude Include="src\stratacore\types.h" />
  </ItemGroup>
  <ItemGroup>
    <CustomBuild Include="F:\wp\code\maya\plugin\strata\CMakeLists.txt" />
  </ItemGroup>
  <ItemGroup>
    <Filter Include="Header Files">
      <UniqueIdentifier>{7F685529-51DB-3842-863F-CD3EC90B9CBB}</UniqueIdentifier>
    </Filter>
    <Filter Include="Source Files">
      <UniqueIdentifier>{80B647A3-8B43-3121-8F30-8A95EBA1D9AB}</UniqueIdentifier>
    </Filter>
  </ItemGroup>
</Project>